// !$*UTF8*$!
{
	archiveVersion = 1;
	classes = {
	};
	objectVersion = 50;
	objects = {

/* Begin PBXBuildFile section */
		A30F582C249E187200DEDD8A /* TimerView.swift in Sources */ = {isa = PBXBuildFile; fileRef = A30F582B249E187200DEDD8A /* TimerView.swift */; };
		A30F586E249EE9D100DEDD8A /* StopwatchClass.swift in Sources */ = {isa = PBXBuildFile; fileRef = A30F586D249EE9D100DEDD8A /* StopwatchClass.swift */; };
		A30F5870249EE9FC00DEDD8A /* StopwatchView.swift in Sources */ = {isa = PBXBuildFile; fileRef = A30F586F249EE9FC00DEDD8A /* StopwatchView.swift */; };
		A32024A72498B3B300E7B3F9 /* AppDelegate.swift in Sources */ = {isa = PBXBuildFile; fileRef = A32024A62498B3B300E7B3F9 /* AppDelegate.swift */; };
		A32024A92498B3B300E7B3F9 /* SceneDelegate.swift in Sources */ = {isa = PBXBuildFile; fileRef = A32024A82498B3B300E7B3F9 /* SceneDelegate.swift */; };
		A32024AB2498B3B300E7B3F9 /* ContentView.swift in Sources */ = {isa = PBXBuildFile; fileRef = A32024AA2498B3B300E7B3F9 /* ContentView.swift */; };
		A32024AD2498B3BB00E7B3F9 /* Assets.xcassets in Resources */ = {isa = PBXBuildFile; fileRef = A32024AC2498B3BB00E7B3F9 /* Assets.xcassets */; };
		A32024B02498B3BB00E7B3F9 /* Preview Assets.xcassets in Resources */ = {isa = PBXBuildFile; fileRef = A32024AF2498B3BB00E7B3F9 /* Preview Assets.xcassets */; };
		A32024B32498B3BB00E7B3F9 /* LaunchScreen.storyboard in Resources */ = {isa = PBXBuildFile; fileRef = A32024B12498B3BB00E7B3F9 /* LaunchScreen.storyboard */; };
		A32024BE2498B3BB00E7B3F9 /* SwiftUIPracticeAppTests.swift in Sources */ = {isa = PBXBuildFile; fileRef = A32024BD2498B3BB00E7B3F9 /* SwiftUIPracticeAppTests.swift */; };
		A32024C92498B3BB00E7B3F9 /* SwiftUIPracticeAppUITests.swift in Sources */ = {isa = PBXBuildFile; fileRef = A32024C82498B3BB00E7B3F9 /* SwiftUIPracticeAppUITests.swift */; };
		A32024D9249B39B800E7B3F9 /* Memo.swift in Sources */ = {isa = PBXBuildFile; fileRef = A32024D8249B39B800E7B3F9 /* Memo.swift */; };
		A3A0513224A0E9D20033E000 /* MapViewTest.swift in Sources */ = {isa = PBXBuildFile; fileRef = A3A0513124A0E9D20033E000 /* MapViewTest.swift */; };
		A3A0513524A1E3AD0033E000 /* NumberTextField.swift in Sources */ = {isa = PBXBuildFile; fileRef = A3A0513424A1E3AD0033E000 /* NumberTextField.swift */; };
		A3A0513724A1E4E30033E000 /* CountDownView.swift in Sources */ = {isa = PBXBuildFile; fileRef = A3A0513624A1E4E30033E000 /* CountDownView.swift */; };
		A3A0513C24A21C0D0033E000 /* FortuneTellingView.swift in Sources */ = {isa = PBXBuildFile; fileRef = A3A0513B24A21C0D0033E000 /* FortuneTellingView.swift */; };
/* End PBXBuildFile section */

/* Begin PBXContainerItemProxy section */
		A32024BA2498B3BB00E7B3F9 /* PBXContainerItemProxy */ = {
			isa = PBXContainerItemProxy;
			containerPortal = A320249B2498B3B300E7B3F9 /* Project object */;
			proxyType = 1;
			remoteGlobalIDString = A32024A22498B3B300E7B3F9;
			remoteInfo = SwiftUIPracticeApp;
		};
		A32024C52498B3BB00E7B3F9 /* PBXContainerItemProxy */ = {
			isa = PBXContainerItemProxy;
			containerPortal = A320249B2498B3B300E7B3F9 /* Project object */;
			proxyType = 1;
			remoteGlobalIDString = A32024A22498B3B300E7B3F9;
			remoteInfo = SwiftUIPracticeApp;
		};
/* End PBXContainerItemProxy section */

/* Begin PBXFileReference section */
		A30F582B249E187200DEDD8A /* TimerView.swift */ = {isa = PBXFileReference; lastKnownFileType = sourcecode.swift; path = TimerView.swift; sourceTree = "<group>"; };
		A30F586D249EE9D100DEDD8A /* StopwatchClass.swift */ = {isa = PBXFileReference; fileEncoding = 4; lastKnownFileType = sourcecode.swift; path = StopwatchClass.swift; sourceTree = "<group>"; };
		A30F586F249EE9FC00DEDD8A /* StopwatchView.swift */ = {isa = PBXFileReference; lastKnownFileType = sourcecode.swift; path = StopwatchView.swift; sourceTree = "<group>"; };
		A32024A32498B3B300E7B3F9 /* SwiftUIPracticeApp.app */ = {isa = PBXFileReference; explicitFileType = wrapper.application; includeInIndex = 0; path = SwiftUIPracticeApp.app; sourceTree = BUILT_PRODUCTS_DIR; };
		A32024A62498B3B300E7B3F9 /* AppDelegate.swift */ = {isa = PBXFileReference; lastKnownFileType = sourcecode.swift; path = AppDelegate.swift; sourceTree = "<group>"; };
		A32024A82498B3B300E7B3F9 /* SceneDelegate.swift */ = {isa = PBXFileReference; lastKnownFileType = sourcecode.swift; path = SceneDelegate.swift; sourceTree = "<group>"; };
		A32024AA2498B3B300E7B3F9 /* ContentView.swift */ = {isa = PBXFileReference; lastKnownFileType = sourcecode.swift; path = ContentView.swift; sourceTree = "<group>"; };
		A32024AC2498B3BB00E7B3F9 /* Assets.xcassets */ = {isa = PBXFileReference; lastKnownFileType = folder.assetcatalog; path = Assets.xcassets; sourceTree = "<group>"; };
		A32024AF2498B3BB00E7B3F9 /* Preview Assets.xcassets */ = {isa = PBXFileReference; lastKnownFileType = folder.assetcatalog; path = "Preview Assets.xcassets"; sourceTree = "<group>"; };
		A32024B22498B3BB00E7B3F9 /* Base */ = {isa = PBXFileReference; lastKnownFileType = file.storyboard; name = Base; path = Base.lproj/LaunchScreen.storyboard; sourceTree = "<group>"; };
		A32024B42498B3BB00E7B3F9 /* Info.plist */ = {isa = PBXFileReference; lastKnownFileType = text.plist.xml; path = Info.plist; sourceTree = "<group>"; };
		A32024B92498B3BB00E7B3F9 /* SwiftUIPracticeAppTests.xctest */ = {isa = PBXFileReference; explicitFileType = wrapper.cfbundle; includeInIndex = 0; path = SwiftUIPracticeAppTests.xctest; sourceTree = BUILT_PRODUCTS_DIR; };
		A32024BD2498B3BB00E7B3F9 /* SwiftUIPracticeAppTests.swift */ = {isa = PBXFileReference; lastKnownFileType = sourcecode.swift; path = SwiftUIPracticeAppTests.swift; sourceTree = "<group>"; };
		A32024BF2498B3BB00E7B3F9 /* Info.plist */ = {isa = PBXFileReference; lastKnownFileType = text.plist.xml; path = Info.plist; sourceTree = "<group>"; };
		A32024C42498B3BB00E7B3F9 /* SwiftUIPracticeAppUITests.xctest */ = {isa = PBXFileReference; explicitFileType = wrapper.cfbundle; includeInIndex = 0; path = SwiftUIPracticeAppUITests.xctest; sourceTree = BUILT_PRODUCTS_DIR; };
		A32024C82498B3BB00E7B3F9 /* SwiftUIPracticeAppUITests.swift */ = {isa = PBXFileReference; lastKnownFileType = sourcecode.swift; path = SwiftUIPracticeAppUITests.swift; sourceTree = "<group>"; };
		A32024CA2498B3BB00E7B3F9 /* Info.plist */ = {isa = PBXFileReference; lastKnownFileType = text.plist.xml; path = Info.plist; sourceTree = "<group>"; };
		A32024D8249B39B800E7B3F9 /* Memo.swift */ = {isa = PBXFileReference; lastKnownFileType = sourcecode.swift; path = Memo.swift; sourceTree = "<group>"; };
		A3A0513124A0E9D20033E000 /* MapViewTest.swift */ = {isa = PBXFileReference; lastKnownFileType = sourcecode.swift; path = MapViewTest.swift; sourceTree = "<group>"; };
		A3A0513424A1E3AD0033E000 /* NumberTextField.swift */ = {isa = PBXFileReference; fileEncoding = 4; lastKnownFileType = sourcecode.swift; path = NumberTextField.swift; sourceTree = "<group>"; };
		A3A0513624A1E4E30033E000 /* CountDownView.swift */ = {isa = PBXFileReference; lastKnownFileType = sourcecode.swift; path = CountDownView.swift; sourceTree = "<group>"; };
		A3A0513B24A21C0D0033E000 /* FortuneTellingView.swift */ = {isa = PBXFileReference; lastKnownFileType = sourcecode.swift; path = FortuneTellingView.swift; sourceTree = SOURCE_ROOT; };
/* End PBXFileReference section */

/* Begin PBXFrameworksBuildPhase section */
		A32024A02498B3B300E7B3F9 /* Frameworks */ = {
			isa = PBXFrameworksBuildPhase;
			buildActionMask = 2147483647;
			files = (
			);
			runOnlyForDeploymentPostprocessing = 0;
		};
		A32024B62498B3BB00E7B3F9 /* Frameworks */ = {
			isa = PBXFrameworksBuildPhase;
			buildActionMask = 2147483647;
			files = (
			);
			runOnlyForDeploymentPostprocessing = 0;
		};
		A32024C12498B3BB00E7B3F9 /* Frameworks */ = {
			isa = PBXFrameworksBuildPhase;
			buildActionMask = 2147483647;
			files = (
			);
			runOnlyForDeploymentPostprocessing = 0;
		};
/* End PBXFrameworksBuildPhase section */

/* Begin PBXGroup section */
		A320249A2498B3B300E7B3F9 = {
			isa = PBXGroup;
			children = (
				A32024A52498B3B300E7B3F9 /* SwiftUIPracticeApp */,
				A32024BC2498B3BB00E7B3F9 /* SwiftUIPracticeAppTests */,
				A32024C72498B3BB00E7B3F9 /* SwiftUIPracticeAppUITests */,
				A32024A42498B3B300E7B3F9 /* Products */,
			);
			sourceTree = "<group>";
		};
		A32024A42498B3B300E7B3F9 /* Products */ = {
			isa = PBXGroup;
			children = (
				A32024A32498B3B300E7B3F9 /* SwiftUIPracticeApp.app */,
				A32024B92498B3BB00E7B3F9 /* SwiftUIPracticeAppTests.xctest */,
				A32024C42498B3BB00E7B3F9 /* SwiftUIPracticeAppUITests.xctest */,
			);
			name = Products;
			sourceTree = "<group>";
		};
		A32024A52498B3B300E7B3F9 /* SwiftUIPracticeApp */ = {
			isa = PBXGroup;
			children = (
				A32024A62498B3B300E7B3F9 /* AppDelegate.swift */,
				A32024A82498B3B300E7B3F9 /* SceneDelegate.swift */,
				A32024AA2498B3B300E7B3F9 /* ContentView.swift */,
				A32024D8249B39B800E7B3F9 /* Memo.swift */,
				A3A0513324A1DC680033E000 /* Timer */,
				A3A0513A24A216F20033E000 /* Fortune */,
				A32024AC2498B3BB00E7B3F9 /* Assets.xcassets */,
				A32024B12498B3BB00E7B3F9 /* LaunchScreen.storyboard */,
				A32024B42498B3BB00E7B3F9 /* Info.plist */,
				A32024AE2498B3BB00E7B3F9 /* Preview Content */,
			);
			path = SwiftUIPracticeApp;
			sourceTree = "<group>";
		};
		A32024AE2498B3BB00E7B3F9 /* Preview Content */ = {
			isa = PBXGroup;
			children = (
				A32024AF2498B3BB00E7B3F9 /* Preview Assets.xcassets */,
			);
			path = "Preview Content";
			sourceTree = "<group>";
		};
		A32024BC2498B3BB00E7B3F9 /* SwiftUIPracticeAppTests */ = {
			isa = PBXGroup;
			children = (
				A32024BD2498B3BB00E7B3F9 /* SwiftUIPracticeAppTests.swift */,
				A32024BF2498B3BB00E7B3F9 /* Info.plist */,
			);
			path = SwiftUIPracticeAppTests;
			sourceTree = "<group>";
		};
		A32024C72498B3BB00E7B3F9 /* SwiftUIPracticeAppUITests */ = {
			isa = PBXGroup;
			children = (
				A32024C82498B3BB00E7B3F9 /* SwiftUIPracticeAppUITests.swift */,
				A32024CA2498B3BB00E7B3F9 /* Info.plist */,
			);
			path = SwiftUIPracticeAppUITests;
			sourceTree = "<group>";
		};
		A3A0513324A1DC680033E000 /* Timer */ = {
			isa = PBXGroup;
			children = (
				A30F582B249E187200DEDD8A /* TimerView.swift */,
				A3A0513624A1E4E30033E000 /* CountDownView.swift */,
				A3A0513424A1E3AD0033E000 /* NumberTextField.swift */,
				A30F586F249EE9FC00DEDD8A /* StopwatchView.swift */,
				A30F586D249EE9D100DEDD8A /* StopwatchClass.swift */,
			);
			path = Timer;
			sourceTree = "<group>";
		};
		A3A0513A24A216F20033E000 /* Fortune */ = {
			isa = PBXGroup;
			children = (
				A3A0513B24A21C0D0033E000 /* FortuneTellingView.swift */,
				A3A0513124A0E9D20033E000 /* MapViewTest.swift */,
			);
			path = Fortune;
			sourceTree = "<group>";
		};
/* End PBXGroup section */

/* Begin PBXNativeTarget section */
		A32024A22498B3B300E7B3F9 /* SwiftUIPracticeApp */ = {
			isa = PBXNativeTarget;
			buildConfigurationList = A32024CD2498B3BB00E7B3F9 /* Build configuration list for PBXNativeTarget "SwiftUIPracticeApp" */;
			buildPhases = (
				A320249F2498B3B300E7B3F9 /* Sources */,
				A32024A02498B3B300E7B3F9 /* Frameworks */,
				A32024A12498B3B300E7B3F9 /* Resources */,
			);
			buildRules = (
			);
			dependencies = (
			);
			name = SwiftUIPracticeApp;
			productName = SwiftUIPracticeApp;
			productReference = A32024A32498B3B300E7B3F9 /* SwiftUIPracticeApp.app */;
			productType = "com.apple.product-type.application";
		};
		A32024B82498B3BB00E7B3F9 /* SwiftUIPracticeAppTests */ = {
			isa = PBXNativeTarget;
			buildConfigurationList = A32024D02498B3BB00E7B3F9 /* Build configuration list for PBXNativeTarget "SwiftUIPracticeAppTests" */;
			buildPhases = (
				A32024B52498B3BB00E7B3F9 /* Sources */,
				A32024B62498B3BB00E7B3F9 /* Frameworks */,
				A32024B72498B3BB00E7B3F9 /* Resources */,
			);
			buildRules = (
			);
			dependencies = (
				A32024BB2498B3BB00E7B3F9 /* PBXTargetDependency */,
			);
			name = SwiftUIPracticeAppTests;
			productName = SwiftUIPracticeAppTests;
			productReference = A32024B92498B3BB00E7B3F9 /* SwiftUIPracticeAppTests.xctest */;
			productType = "com.apple.product-type.bundle.unit-test";
		};
		A32024C32498B3BB00E7B3F9 /* SwiftUIPracticeAppUITests */ = {
			isa = PBXNativeTarget;
			buildConfigurationList = A32024D32498B3BB00E7B3F9 /* Build configuration list for PBXNativeTarget "SwiftUIPracticeAppUITests" */;
			buildPhases = (
				A32024C02498B3BB00E7B3F9 /* Sources */,
				A32024C12498B3BB00E7B3F9 /* Frameworks */,
				A32024C22498B3BB00E7B3F9 /* Resources */,
			);
			buildRules = (
			);
			dependencies = (
				A32024C62498B3BB00E7B3F9 /* PBXTargetDependency */,
			);
			name = SwiftUIPracticeAppUITests;
			productName = SwiftUIPracticeAppUITests;
			productReference = A32024C42498B3BB00E7B3F9 /* SwiftUIPracticeAppUITests.xctest */;
			productType = "com.apple.product-type.bundle.ui-testing";
		};
/* End PBXNativeTarget section */

/* Begin PBXProject section */
		A320249B2498B3B300E7B3F9 /* Project object */ = {
			isa = PBXProject;
			attributes = {
				LastSwiftUpdateCheck = 1150;
				LastUpgradeCheck = 1150;
				ORGANIZATIONNAME = Ryota;
				TargetAttributes = {
					A32024A22498B3B300E7B3F9 = {
						CreatedOnToolsVersion = 11.5;
					};
					A32024B82498B3BB00E7B3F9 = {
						CreatedOnToolsVersion = 11.5;
						TestTargetID = A32024A22498B3B300E7B3F9;
					};
					A32024C32498B3BB00E7B3F9 = {
						CreatedOnToolsVersion = 11.5;
						TestTargetID = A32024A22498B3B300E7B3F9;
					};
				};
			};
			buildConfigurationList = A320249E2498B3B300E7B3F9 /* Build configuration list for PBXProject "SwiftUIPracticeApp" */;
			compatibilityVersion = "Xcode 9.3";
			developmentRegion = en;
			hasScannedForEncodings = 0;
			knownRegions = (
				en,
				Base,
			);
			mainGroup = A320249A2498B3B300E7B3F9;
			productRefGroup = A32024A42498B3B300E7B3F9 /* Products */;
			projectDirPath = "";
			projectRoot = "";
			targets = (
				A32024A22498B3B300E7B3F9 /* SwiftUIPracticeApp */,
				A32024B82498B3BB00E7B3F9 /* SwiftUIPracticeAppTests */,
				A32024C32498B3BB00E7B3F9 /* SwiftUIPracticeAppUITests */,
			);
		};
/* End PBXProject section */

/* Begin PBXResourcesBuildPhase section */
		A32024A12498B3B300E7B3F9 /* Resources */ = {
			isa = PBXResourcesBuildPhase;
			buildActionMask = 2147483647;
			files = (
				A32024B32498B3BB00E7B3F9 /* LaunchScreen.storyboard in Resources */,
				A32024B02498B3BB00E7B3F9 /* Preview Assets.xcassets in Resources */,
				A32024AD2498B3BB00E7B3F9 /* Assets.xcassets in Resources */,
			);
			runOnlyForDeploymentPostprocessing = 0;
		};
		A32024B72498B3BB00E7B3F9 /* Resources */ = {
			isa = PBXResourcesBuildPhase;
			buildActionMask = 2147483647;
			files = (
			);
			runOnlyForDeploymentPostprocessing = 0;
		};
		A32024C22498B3BB00E7B3F9 /* Resources */ = {
			isa = PBXResourcesBuildPhase;
			buildActionMask = 2147483647;
			files = (
			);
			runOnlyForDeploymentPostprocessing = 0;
		};
/* End PBXResourcesBuildPhase section */

/* Begin PBXSourcesBuildPhase section */
		A320249F2498B3B300E7B3F9 /* Sources */ = {
			isa = PBXSourcesBuildPhase;
			buildActionMask = 2147483647;
			files = (
				A30F586E249EE9D100DEDD8A /* StopwatchClass.swift in Sources */,
				A32024A72498B3B300E7B3F9 /* AppDelegate.swift in Sources */,
				A3A0513524A1E3AD0033E000 /* NumberTextField.swift in Sources */,
				A32024A92498B3B300E7B3F9 /* SceneDelegate.swift in Sources */,
				A32024AB2498B3B300E7B3F9 /* ContentView.swift in Sources */,
				A3A0513C24A21C0D0033E000 /* FortuneTellingView.swift in Sources */,
				A30F582C249E187200DEDD8A /* TimerView.swift in Sources */,
				A30F5870249EE9FC00DEDD8A /* StopwatchView.swift in Sources */,
				A32024D9249B39B800E7B3F9 /* Memo.swift in Sources */,
				A3A0513724A1E4E30033E000 /* CountDownView.swift in Sources */,
				A3A0513224A0E9D20033E000 /* MapViewTest.swift in Sources */,
			);
			runOnlyForDeploymentPostprocessing = 0;
		};
		A32024B52498B3BB00E7B3F9 /* Sources */ = {
			isa = PBXSourcesBuildPhase;
			buildActionMask = 2147483647;
			files = (
				A32024BE2498B3BB00E7B3F9 /* SwiftUIPracticeAppTests.swift in Sources */,
			);
			runOnlyForDeploymentPostprocessing = 0;
		};
		A32024C02498B3BB00E7B3F9 /* Sources */ = {
			isa = PBXSourcesBuildPhase;
			buildActionMask = 2147483647;
			files = (
				A32024C92498B3BB00E7B3F9 /* SwiftUIPracticeAppUITests.swift in Sources */,
			);
			runOnlyForDeploymentPostprocessing = 0;
		};
/* End PBXSourcesBuildPhase section */

/* Begin PBXTargetDependency section */
		A32024BB2498B3BB00E7B3F9 /* PBXTargetDependency */ = {
			isa = PBXTargetDependency;
			target = A32024A22498B3B300E7B3F9 /* SwiftUIPracticeApp */;
			targetProxy = A32024BA2498B3BB00E7B3F9 /* PBXContainerItemProxy */;
		};
		A32024C62498B3BB00E7B3F9 /* PBXTargetDependency */ = {
			isa = PBXTargetDependency;
			target = A32024A22498B3B300E7B3F9 /* SwiftUIPracticeApp */;
			targetProxy = A32024C52498B3BB00E7B3F9 /* PBXContainerItemProxy */;
		};
/* End PBXTargetDependency section */

/* Begin PBXVariantGroup section */
		A32024B12498B3BB00E7B3F9 /* LaunchScreen.storyboard */ = {
			isa = PBXVariantGroup;
			children = (
				A32024B22498B3BB00E7B3F9 /* Base */,
			);
			name = LaunchScreen.storyboard;
			sourceTree = "<group>";
		};
/* End PBXVariantGroup section */

/* Begin XCBuildConfiguration section */
		A32024CB2498B3BB00E7B3F9 /* Debug */ = {
			isa = XCBuildConfiguration;
			buildSettings = {
				ALWAYS_SEARCH_USER_PATHS = NO;
				CLANG_ANALYZER_NONNULL = YES;
				CLANG_ANALYZER_NUMBER_OBJECT_CONVERSION = YES_AGGRESSIVE;
				CLANG_CXX_LANGUAGE_STANDARD = "gnu++14";
				CLANG_CXX_LIBRARY = "libc++";
				CLANG_ENABLE_MODULES = YES;
				CLANG_ENABLE_OBJC_ARC = YES;
				CLANG_ENABLE_OBJC_WEAK = YES;
				CLANG_WARN_BLOCK_CAPTURE_AUTORELEASING = YES;
				CLANG_WARN_BOOL_CONVERSION = YES;
				CLANG_WARN_COMMA = YES;
				CLANG_WARN_CONSTANT_CONVERSION = YES;
				CLANG_WARN_DEPRECATED_OBJC_IMPLEMENTATIONS = YES;
				CLANG_WARN_DIRECT_OBJC_ISA_USAGE = YES_ERROR;
				CLANG_WARN_DOCUMENTATION_COMMENTS = YES;
				CLANG_WARN_EMPTY_BODY = YES;
				CLANG_WARN_ENUM_CONVERSION = YES;
				CLANG_WARN_INFINITE_RECURSION = YES;
				CLANG_WARN_INT_CONVERSION = YES;
				CLANG_WARN_NON_LITERAL_NULL_CONVERSION = YES;
				CLANG_WARN_OBJC_IMPLICIT_RETAIN_SELF = YES;
				CLANG_WARN_OBJC_LITERAL_CONVERSION = YES;
				CLANG_WARN_OBJC_ROOT_CLASS = YES_ERROR;
				CLANG_WARN_RANGE_LOOP_ANALYSIS = YES;
				CLANG_WARN_STRICT_PROTOTYPES = YES;
				CLANG_WARN_SUSPICIOUS_MOVE = YES;
				CLANG_WARN_UNGUARDED_AVAILABILITY = YES_AGGRESSIVE;
				CLANG_WARN_UNREACHABLE_CODE = YES;
				CLANG_WARN__DUPLICATE_METHOD_MATCH = YES;
				COPY_PHASE_STRIP = NO;
				DEBUG_INFORMATION_FORMAT = dwarf;
				ENABLE_STRICT_OBJC_MSGSEND = YES;
				ENABLE_TESTABILITY = YES;
				GCC_C_LANGUAGE_STANDARD = gnu11;
				GCC_DYNAMIC_NO_PIC = NO;
				GCC_NO_COMMON_BLOCKS = YES;
				GCC_OPTIMIZATION_LEVEL = 0;
				GCC_PREPROCESSOR_DEFINITIONS = (
					"DEBUG=1",
					"$(inherited)",
				);
				GCC_WARN_64_TO_32_BIT_CONVERSION = YES;
				GCC_WARN_ABOUT_RETURN_TYPE = YES_ERROR;
				GCC_WARN_UNDECLARED_SELECTOR = YES;
				GCC_WARN_UNINITIALIZED_AUTOS = YES_AGGRESSIVE;
				GCC_WARN_UNUSED_FUNCTION = YES;
				GCC_WARN_UNUSED_VARIABLE = YES;
				IPHONEOS_DEPLOYMENT_TARGET = 13.5;
				MTL_ENABLE_DEBUG_INFO = INCLUDE_SOURCE;
				MTL_FAST_MATH = YES;
				ONLY_ACTIVE_ARCH = YES;
				SDKROOT = iphoneos;
				SWIFT_ACTIVE_COMPILATION_CONDITIONS = DEBUG;
				SWIFT_OPTIMIZATION_LEVEL = "-Onone";
			};
			name = Debug;
		};
		A32024CC2498B3BB00E7B3F9 /* Release */ = {
			isa = XCBuildConfiguration;
			buildSettings = {
				ALWAYS_SEARCH_USER_PATHS = NO;
				CLANG_ANALYZER_NONNULL = YES;
				CLANG_ANALYZER_NUMBER_OBJECT_CONVERSION = YES_AGGRESSIVE;
				CLANG_CXX_LANGUAGE_STANDARD = "gnu++14";
				CLANG_CXX_LIBRARY = "libc++";
				CLANG_ENABLE_MODULES = YES;
				CLANG_ENABLE_OBJC_ARC = YES;
				CLANG_ENABLE_OBJC_WEAK = YES;
				CLANG_WARN_BLOCK_CAPTURE_AUTORELEASING = YES;
				CLANG_WARN_BOOL_CONVERSION = YES;
				CLANG_WARN_COMMA = YES;
				CLANG_WARN_CONSTANT_CONVERSION = YES;
				CLANG_WARN_DEPRECATED_OBJC_IMPLEMENTATIONS = YES;
				CLANG_WARN_DIRECT_OBJC_ISA_USAGE = YES_ERROR;
				CLANG_WARN_DOCUMENTATION_COMMENTS = YES;
				CLANG_WARN_EMPTY_BODY = YES;
				CLANG_WARN_ENUM_CONVERSION = YES;
				CLANG_WARN_INFINITE_RECURSION = YES;
				CLANG_WARN_INT_CONVERSION = YES;
				CLANG_WARN_NON_LITERAL_NULL_CONVERSION = YES;
				CLANG_WARN_OBJC_IMPLICIT_RETAIN_SELF = YES;
				CLANG_WARN_OBJC_LITERAL_CONVERSION = YES;
				CLANG_WARN_OBJC_ROOT_CLASS = YES_ERROR;
				CLANG_WARN_RANGE_LOOP_ANALYSIS = YES;
				CLANG_WARN_STRICT_PROTOTYPES = YES;
				CLANG_WARN_SUSPICIOUS_MOVE = YES;
				CLANG_WARN_UNGUARDED_AVAILABILITY = YES_AGGRESSIVE;
				CLANG_WARN_UNREACHABLE_CODE = YES;
				CLANG_WARN__DUPLICATE_METHOD_MATCH = YES;
				COPY_PHASE_STRIP = NO;
				DEBUG_INFORMATION_FORMAT = "dwarf-with-dsym";
				ENABLE_NS_ASSERTIONS = NO;
				ENABLE_STRICT_OBJC_MSGSEND = YES;
				GCC_C_LANGUAGE_STANDARD = gnu11;
				GCC_NO_COMMON_BLOCKS = YES;
				GCC_WARN_64_TO_32_BIT_CONVERSION = YES;
				GCC_WARN_ABOUT_RETURN_TYPE = YES_ERROR;
				GCC_WARN_UNDECLARED_SELECTOR = YES;
				GCC_WARN_UNINITIALIZED_AUTOS = YES_AGGRESSIVE;
				GCC_WARN_UNUSED_FUNCTION = YES;
				GCC_WARN_UNUSED_VARIABLE = YES;
				IPHONEOS_DEPLOYMENT_TARGET = 13.5;
				MTL_ENABLE_DEBUG_INFO = NO;
				MTL_FAST_MATH = YES;
				SDKROOT = iphoneos;
				SWIFT_COMPILATION_MODE = wholemodule;
				SWIFT_OPTIMIZATION_LEVEL = "-O";
				VALIDATE_PRODUCT = YES;
			};
			name = Release;
		};
		A32024CE2498B3BB00E7B3F9 /* Debug */ = {
			isa = XCBuildConfiguration;
			buildSettings = {
				ASSETCATALOG_COMPILER_APPICON_NAME = AppIcon;
				CODE_SIGN_STYLE = Automatic;
				DEVELOPMENT_ASSET_PATHS = "\"SwiftUIPracticeApp/Preview Content\"";
				DEVELOPMENT_TEAM = CH8SBN7GC9;
				ENABLE_PREVIEWS = YES;
				INFOPLIST_FILE = SwiftUIPracticeApp/Info.plist;
				LD_RUNPATH_SEARCH_PATHS = (
					"$(inherited)",
					"@executable_path/Frameworks",
				);
				PRODUCT_BUNDLE_IDENTIFIER = com.Ryota.SwiftUIPracticeApp;
				PRODUCT_NAME = "$(TARGET_NAME)";
				SWIFT_VERSION = 5.0;
				TARGETED_DEVICE_FAMILY = "1,2";
			};
			name = Debug;
		};
		A32024CF2498B3BB00E7B3F9 /* Release */ = {
			isa = XCBuildConfiguration;
			buildSettings = {
				ASSETCATALOG_COMPILER_APPICON_NAME = AppIcon;
				CODE_SIGN_STYLE = Automatic;
				DEVELOPMENT_ASSET_PATHS = "\"SwiftUIPracticeApp/Preview Content\"";
				DEVELOPMENT_TEAM = CH8SBN7GC9;
				ENABLE_PREVIEWS = YES;
				INFOPLIST_FILE = SwiftUIPracticeApp/Info.plist;
				LD_RUNPATH_SEARCH_PATHS = (
					"$(inherited)",
					"@executable_path/Frameworks",
				);
				PRODUCT_BUNDLE_IDENTIFIER = com.Ryota.SwiftUIPracticeApp;
				PRODUCT_NAME = "$(TARGET_NAME)";
				SWIFT_VERSION = 5.0;
				TARGETED_DEVICE_FAMILY = "1,2";
			};
			name = Release;
		};
		A32024D12498B3BB00E7B3F9 /* Debug */ = {
			isa = XCBuildConfiguration;
			buildSettings = {
				ALWAYS_EMBED_SWIFT_STANDARD_LIBRARIES = YES;
				BUNDLE_LOADER = "$(TEST_HOST)";
				CODE_SIGN_STYLE = Automatic;
				DEVELOPMENT_TEAM = CH8SBN7GC9;
				INFOPLIST_FILE = SwiftUIPracticeAppTests/Info.plist;
				IPHONEOS_DEPLOYMENT_TARGET = 13.5;
				LD_RUNPATH_SEARCH_PATHS = (
					"$(inherited)",
					"@executable_path/Frameworks",
					"@loader_path/Frameworks",
				);
				PRODUCT_BUNDLE_IDENTIFIER = com.Ryota.SwiftUIPracticeAppTests;
				PRODUCT_NAME = "$(TARGET_NAME)";
				SWIFT_VERSION = 5.0;
				TARGETED_DEVICE_FAMILY = "1,2";
				TEST_HOST = "$(BUILT_PRODUCTS_DIR)/SwiftUIPracticeApp.app/SwiftUIPracticeApp";
			};
			name = Debug;
		};
		A32024D22498B3BB00E7B3F9 /* Release */ = {
			isa = XCBuildConfiguration;
			buildSettings = {
				ALWAYS_EMBED_SWIFT_STANDARD_LIBRARIES = YES;
				BUNDLE_LOADER = "$(TEST_HOST)";
				CODE_SIGN_STYLE = Automatic;
				DEVELOPMENT_TEAM = CH8SBN7GC9;
				INFOPLIST_FILE = SwiftUIPracticeAppTests/Info.plist;
				IPHONEOS_DEPLOYMENT_TARGET = 13.5;
				LD_RUNPATH_SEARCH_PATHS = (
					"$(inherited)",
					"@executable_path/Frameworks",
					"@loader_path/Frameworks",
				);
				PRODUCT_BUNDLE_IDENTIFIER = com.Ryota.SwiftUIPracticeAppTests;
				PRODUCT_NAME = "$(TARGET_NAME)";
				SWIFT_VERSION = 5.0;
				TARGETED_DEVICE_FAMILY = "1,2";
				TEST_HOST = "$(BUILT_PRODUCTS_DIR)/SwiftUIPracticeApp.app/SwiftUIPracticeApp";
			};
			name = Release;
		};
		A32024D42498B3BB00E7B3F9 /* Debug */ = {
			isa = XCBuildConfiguration;
			buildSettings = {
				ALWAYS_EMBED_SWIFT_STANDARD_LIBRARIES = YES;
				CODE_SIGN_STYLE = Automatic;
				DEVELOPMENT_TEAM = CH8SBN7GC9;
				INFOPLIST_FILE = SwiftUIPracticeAppUITests/Info.plist;
				LD_RUNPATH_SEARCH_PATHS = (
					"$(inherited)",
					"@executable_path/Frameworks",
					"@loader_path/Frameworks",
				);
				PRODUCT_BUNDLE_IDENTIFIER = com.Ryota.SwiftUIPracticeAppUITests;
				PRODUCT_NAME = "$(TARGET_NAME)";
				SWIFT_VERSION = 5.0;
				TARGETED_DEVICE_FAMILY = "1,2";
				TEST_TARGET_NAME = SwiftUIPracticeApp;
			};
			name = Debug;
		};
		A32024D52498B3BB00E7B3F9 /* Release */ = {
			isa = XCBuildConfiguration;
			buildSettings = {
				ALWAYS_EMBED_SWIFT_STANDARD_LIBRARIES = YES;
				CODE_SIGN_STYLE = Automatic;
				DEVELOPMENT_TEAM = CH8SBN7GC9;
				INFOPLIST_FILE = SwiftUIPracticeAppUITests/Info.plist;
				LD_RUNPATH_SEARCH_PATHS = (
					"$(inherited)",
					"@executable_path/Frameworks",
					"@loader_path/Frameworks",
				);
				PRODUCT_BUNDLE_IDENTIFIER = com.Ryota.SwiftUIPracticeAppUITests;
				PRODUCT_NAME = "$(TARGET_NAME)";
				SWIFT_VERSION = 5.0;
				TARGETED_DEVICE_FAMILY = "1,2";
				TEST_TARGET_NAME = SwiftUIPracticeApp;
			};
			name = Release;
		};
/* End XCBuildConfiguration section */

/* Begin XCConfigurationList section */
		A320249E2498B3B300E7B3F9 /* Build configuration list for PBXProject "SwiftUIPracticeApp" */ = {
			isa = XCConfigurationList;
			buildConfigurations = (
				A32024CB2498B3BB00E7B3F9 /* Debug */,
				A32024CC2498B3BB00E7B3F9 /* Release */,
			);
			defaultConfigurationIsVisible = 0;
			defaultConfigurationName = Release;
		};
		A32024CD2498B3BB00E7B3F9 /* Build configuration list for PBXNativeTarget "SwiftUIPracticeApp" */ = {
			isa = XCConfigurationList;
			buildConfigurations = (
				A32024CE2498B3BB00E7B3F9 /* Debug */,
				A32024CF2498B3BB00E7B3F9 /* Release */,
			);
			defaultConfigurationIsVisible = 0;
			defaultConfigurationName = Release;
		};
		A32024D02498B3BB00E7B3F9 /* Build configuration list for PBXNativeTarget "SwiftUIPracticeAppTests" */ = {
			isa = XCConfigurationList;
			buildConfigurations = (
				A32024D12498B3BB00E7B3F9 /* Debug */,
				A32024D22498B3BB00E7B3F9 /* Release */,
			);
			defaultConfigurationIsVisible = 0;
			defaultConfigurationName = Release;
		};
		A32024D32498B3BB00E7B3F9 /* Build configuration list for PBXNativeTarget "SwiftUIPracticeAppUITests" */ = {
			isa = XCConfigurationList;
			buildConfigurations = (
				A32024D42498B3BB00E7B3F9 /* Debug */,
				A32024D52498B3BB00E7B3F9 /* Release */,
			);
			defaultConfigurationIsVisible = 0;
			defaultConfigurationName = Release;
		};
/* End XCConfigurationList section */
	};
	rootObject = A320249B2498B3B300E7B3F9 /* Project object */;
}
